
Microsoft Visual Studio Solution File, Format Version 12.00
# Visual Studio Version 17
VisualStudioVersion = 17.4.33110.190
MinimumVisualStudioVersion = 10.0.40219.1
Project("{9A19103F-16F7-4668-BE54-9A1E7A4F7556}") = "ODataDemoProject", "ODataDemoProject.csproj", "{D34149A5-C425-443D-B316-FA023DFCF9E4}"
EndProject
Project("{9A19103F-16F7-4668-BE54-9A1E7A4F7556}") = "OData.Web", "..\OData.Web\OData.Web.csproj", "{BE07B4B6-D6EF-4B0B-85FE-3DC175BDE689}"
EndProject
Global
	GlobalSection(SolutionConfigurationPlatforms) = preSolution
		Debug|Any CPU = Debug|Any CPU
		Release|Any CPU = Release|Any CPU
	EndGlobalSection
	GlobalSection(ProjectConfigurationPlatforms) = postSolution
		{D34149A5-C425-443D-B316-FA023DFCF9E4}.Debug|Any CPU.ActiveCfg = Debug|Any CPU
		{D34149A5-C425-443D-B316-FA023DFCF9E4}.Debug|Any CPU.Build.0 = Debug|Any CPU
		{D34149A5-C425-443D-B316-FA023DFCF9E4}.Release|Any CPU.ActiveCfg = Release|Any CPU
		{D34149A5-C425-443D-B316-FA023DFCF9E4}.Release|Any CPU.Build.0 = Release|Any CPU
		{BE07B4B6-D6EF-4B0B-85FE-3DC175BDE689}.Debug|Any CPU.ActiveCfg = Debug|Any CPU
		{BE07B4B6-D6EF-4B0B-85FE-3DC175BDE689}.Debug|Any CPU.Build.0 = Debug|Any CPU
		{BE07B4B6-D6EF-4B0B-85FE-3DC175BDE689}.Release|Any CPU.ActiveCfg = Release|Any CPU
		{BE07B4B6-D6EF-4B0B-85FE-3DC175BDE689}.Release|Any CPU.Build.0 = Release|Any CPU
	EndGlobalSection
	GlobalSection(SolutionProperties) = preSolution
		HideSolutionNode = FALSE
	EndGlobalSection
	GlobalSection(ExtensibilityGlobals) = postSolution
		SolutionGuid = {E1C8BACF-EC30-4B0E-9FDD-37A25D4638DA}
	EndGlobalSection
EndGlobal
